
Microsoft Visual Studio Solution File, Format Version 12.00
# Visual Studio Version 16
VisualStudioVersion = 16.0.33214.272
MinimumVisualStudioVersion = 10.0.40219.1
Project("{FAE04EC0-301F-11D3-BF4B-00C04F79EFBC}") = "SQLcommands", "SQLcommands\SQLcommands.csproj", "{6511FA01-2262-4015-B293-0F5626E8A817}"
EndProject
Global
	GlobalSection(SolutionConfigurationPlatforms) = preSolution
		Debug|Any CPU = Debug|Any CPU
		Release|Any CPU = Release|Any CPU
	EndGlobalSection
	GlobalSection(ProjectConfigurationPlatforms) = postSolution
		{6511FA01-2262-4015-B293-0F5626E8A817}.Debug|Any CPU.ActiveCfg = Debug|Any CPU
		{6511FA01-2262-4015-B293-0F5626E8A817}.Debug|Any CPU.Build.0 = Debug|Any CPU
		{6511FA01-2262-4015-B293-0F5626E8A817}.Release|Any CPU.ActiveCfg = Release|Any CPU
		{6511FA01-2262-4015-B293-0F5626E8A817}.Release|Any CPU.Build.0 = Release|Any CPU
	EndGlobalSection
	GlobalSection(SolutionProperties) = preSolution
		HideSolutionNode = FALSE
	EndGlobalSection
	GlobalSection(ExtensibilityGlobals) = postSolution
		SolutionGuid = {D55529E0-FC1B-4470-80D2-376681FCFBCC}
	EndGlobalSection
EndGlobal
